# This file is generated by running "yarn install" inside your project.
# Manual changes might be lost - proceed with caution!

__metadata:
  version: 6
  cacheKey: 8

"@aws-sdk/util-utf8-browser@npm:^3":
  version: 3.259.0
  resolution: "@aws-sdk/util-utf8-browser@npm:3.259.0"
  dependencies:
    tslib: ^2.3.1
  checksum: b6a1e580da1c9b62c749814182a7649a748ca4253edb4063aa521df97d25b76eae3359eb1680b86f71aac668e05cc05c514379bca39ebf4ba998ae4348412da8
  languageName: node
  linkType: hard

"@smithy/is-array-buffer@npm:^2.2.0":
  version: 2.2.0
  resolution: "@smithy/is-array-buffer@npm:2.2.0"
  dependencies:
    tslib: ^2.6.2
  checksum: cd12c2e27884fec89ca8966d33c9dc34d3234efe89b33a9b309c61ebcde463e6f15f6a02d31d4fddbfd6e5904743524ca5b95021b517b98fe10957c2da0cd5fc
  languageName: node
  linkType: hard

"@smithy/util-buffer-from@npm:^2.2.0":
  version: 2.2.0
  resolution: "@smithy/util-buffer-from@npm:2.2.0"
  dependencies:
    "@smithy/is-array-buffer": ^2.2.0
    tslib: ^2.6.2
  checksum: 424c5b7368ae5880a8f2732e298d17879a19ca925f24ca45e1c6c005f717bb15b76eb28174d308d81631ad457ea0088aab0fd3255dd42f45a535c81944ad64d3
  languageName: node
  linkType: hard

"@smithy/util-utf8@npm:~2":
  version: 2.3.0
  resolution: "@smithy/util-utf8@npm:2.3.0"
  dependencies:
    "@smithy/util-buffer-from": ^2.2.0
    tslib: ^2.6.2
  checksum: 00e55d4b4e37d48be0eef3599082402b933c52a1407fed7e8e8ad76d94d81a0b30b8bfaf2047c59d9c3af31e5f20e7a8c959cb7ae270f894255e05a2229964f0
  languageName: node
  linkType: hard

"janus-idp-backstage-scaffolder-backend-module-regex-dynamic@workspace:.":
  version: 0.0.0-use.local
  resolution: "janus-idp-backstage-scaffolder-backend-module-regex-dynamic@workspace:."
  dependencies:
    "@aws-sdk/util-utf8-browser": ^3
    "@smithy/util-utf8": ~2
    yaml: ^2.3.3
    zod: ^3.22.4
  peerDependencies:
    "@backstage/backend-plugin-api": ^1.0.1
    "@backstage/plugin-scaffolder-node": ^0.5.0
  languageName: unknown
  linkType: soft

"tslib@npm:^2.3.1, tslib@npm:^2.6.2":
  version: 2.8.1
  resolution: "tslib@npm:2.8.1"
  checksum: e4aba30e632b8c8902b47587fd13345e2827fa639e7c3121074d5ee0880723282411a8838f830b55100cbe4517672f84a2472667d355b81e8af165a55dc6203a
  languageName: node
  linkType: hard

"yaml@npm:^2.3.3":
  version: 2.6.0
  resolution: "yaml@npm:2.6.0"
  bin:
    yaml: bin.mjs
  checksum: e5e74fd75e01bde2c09333d529af9fbb5928c5f7f01bfdefdcb2bf753d4ef489a45cab4deac01c9448f55ca27e691612b81fe3c3a59bb8cb5b0069da0f92cf0b
  languageName: node
  linkType: hard

"zod@npm:^3.22.4":
  version: 3.23.8
  resolution: "zod@npm:3.23.8"
  checksum: 15949ff82118f59c893dacd9d3c766d02b6fa2e71cf474d5aa888570c469dbf5446ac5ad562bb035bf7ac9650da94f290655c194f4a6de3e766f43febd432c5c
  languageName: node
  linkType: hard
