# This file is generated by running "yarn install" inside your project.
# Manual changes might be lost - proceed with caution!

__metadata:
  version: 6
  cacheKey: 8

"@backstage/plugin-catalog-backend-module-bitbucket-server@file:./embedded/backstage-plugin-catalog-backend-module-bitbucket-server::locator=backstage-plugin-catalog-backend-module-bitbucket-server-dynamic%40workspace%3A.":
  version: 0.3.1+embedded
  resolution: "@backstage/plugin-catalog-backend-module-bitbucket-server@file:./embedded/backstage-plugin-catalog-backend-module-bitbucket-server#./embedded/backstage-plugin-catalog-backend-module-bitbucket-server::hash=aefc91&locator=backstage-plugin-catalog-backend-module-bitbucket-server-dynamic%40workspace%3A."
  dependencies:
    "@backstage/plugin-catalog-node": ^1.15.1
    p-throttle: ^4.1.1
    uuid: ^11.0.0
  peerDependencies:
    "@backstage/backend-plugin-api": ^1.1.1
    "@backstage/catalog-model": ^1.7.3
    "@backstage/config": ^1.3.2
    "@backstage/errors": ^1.2.7
    "@backstage/integration": ^1.16.1
  checksum: 00290c5ac368df2e33b3e91023caa6e926a87e49dc448c52f6989ee6b3de73bd92ed6e962c4d47b1356e30a44ef87ffe79b6e9d616a1475a9babf70ad14b3b37
  languageName: node
  linkType: hard

"@backstage/plugin-catalog-common@file:./embedded/backstage-plugin-catalog-common::locator=backstage-plugin-catalog-backend-module-bitbucket-server-dynamic%40workspace%3A.":
  version: 1.1.3+embedded
  resolution: "@backstage/plugin-catalog-common@file:./embedded/backstage-plugin-catalog-common#./embedded/backstage-plugin-catalog-common::hash=535b9c&locator=backstage-plugin-catalog-backend-module-bitbucket-server-dynamic%40workspace%3A."
  peerDependencies:
    "@backstage/catalog-model": ^1.7.3
    "@backstage/plugin-permission-common": ^0.8.4
    "@backstage/plugin-search-common": ^1.2.17
  checksum: 0e963c1ae6e52a665d76d0aa66cda75e807587fb41d395c32eb37d589cdcfca30d7ab87a69894d5276c8b4679cabf0ad63c2b7d0837f31cb037b5b3df91e1ee8
  languageName: node
  linkType: hard

"@backstage/plugin-catalog-node@file:./embedded/backstage-plugin-catalog-node::locator=backstage-plugin-catalog-backend-module-bitbucket-server-dynamic%40workspace%3A.":
  version: 1.15.1+embedded
  resolution: "@backstage/plugin-catalog-node@file:./embedded/backstage-plugin-catalog-node#./embedded/backstage-plugin-catalog-node::hash=19a365&locator=backstage-plugin-catalog-backend-module-bitbucket-server-dynamic%40workspace%3A."
  dependencies:
    "@backstage/plugin-catalog-common": ^1.1.3
  peerDependencies:
    "@backstage/backend-plugin-api": ^1.1.1
    "@backstage/catalog-client": ^1.9.1
    "@backstage/catalog-model": ^1.7.3
    "@backstage/errors": ^1.2.7
    "@backstage/plugin-permission-common": ^0.8.4
    "@backstage/plugin-permission-node": ^0.8.7
    "@backstage/types": ^1.2.1
  checksum: 1933af00375c269443b1ec725eafd528624d6ea5b325cf9820a96da2d63d341e4f4a28c9dade4db09ac1e7d85c15ee87df66972ebffe0751dc0fb7cddbe0e509
  languageName: node
  linkType: hard

"backstage-plugin-catalog-backend-module-bitbucket-server-dynamic@workspace:.":
  version: 0.0.0-use.local
  resolution: "backstage-plugin-catalog-backend-module-bitbucket-server-dynamic@workspace:."
  dependencies:
    "@backstage/plugin-catalog-backend-module-bitbucket-server": 0.3.1
  peerDependencies:
    "@backstage/backend-plugin-api": ^1.1.1
    "@backstage/catalog-client": ^1.9.1
    "@backstage/catalog-model": ^1.7.3
    "@backstage/config": ^1.3.2
    "@backstage/errors": ^1.2.7
    "@backstage/integration": ^1.16.1
    "@backstage/plugin-permission-common": ^0.8.4
    "@backstage/plugin-permission-node": ^0.8.7
    "@backstage/plugin-search-common": ^1.2.17
    "@backstage/types": ^1.2.1
  languageName: unknown
  linkType: soft

"p-throttle@npm:^4.1.1":
  version: 4.1.1
  resolution: "p-throttle@npm:4.1.1"
  checksum: fe8709f3c3b1da7c033479375c2c302e80c1a5d86449013afa7cd46d1dc210bc824a7e4a9d088e66d31987d00878c2b5491bb2fe76246d4d2fc9a1636f5f8298
  languageName: node
  linkType: hard

"uuid@npm:^11.0.0":
  version: 11.0.5
  resolution: "uuid@npm:11.0.5"
  bin:
    uuid: dist/esm/bin/uuid
  checksum: 8a8ed824c77ccc9387eed3049e75268a862379f0d41222716020743c438f31e9acfbe6495bd4cb1a7727c91fcf5ae20be40b306826a62c96f9ff42db48e8ed93
  languageName: node
  linkType: hard
