# This file is generated by running "yarn install" inside your project.
# Manual changes might be lost - proceed with caution!

__metadata:
  version: 6
  cacheKey: 8

"@backstage/plugin-catalog-backend-module-bitbucket-server@file:./embedded/backstage-plugin-catalog-backend-module-bitbucket-server::locator=backstage-plugin-catalog-backend-module-bitbucket-server-dynamic%40workspace%3A.":
  version: 0.3.2+embedded
  resolution: "@backstage/plugin-catalog-backend-module-bitbucket-server@file:./embedded/backstage-plugin-catalog-backend-module-bitbucket-server#./embedded/backstage-plugin-catalog-backend-module-bitbucket-server::hash=6f54ce&locator=backstage-plugin-catalog-backend-module-bitbucket-server-dynamic%40workspace%3A."
  dependencies:
    "@backstage/plugin-catalog-node": ^1.16.0
    p-throttle: ^4.1.1
    uuid: ^11.0.0
  peerDependencies:
    "@backstage/backend-plugin-api": ^1.2.0
    "@backstage/catalog-model": ^1.7.3
    "@backstage/config": ^1.3.2
    "@backstage/errors": ^1.2.7
    "@backstage/integration": ^1.16.1
  checksum: 002369b3e3508ecfe71b706b9680a20ffcaa9d92e6a14c8eb17b85c01dc14c4809c4cc9c3283839e458029facf7f56780ed263067fee822e38f7a3512648c773
  languageName: node
  linkType: hard

"@backstage/plugin-catalog-common@file:./embedded/backstage-plugin-catalog-common::locator=backstage-plugin-catalog-backend-module-bitbucket-server-dynamic%40workspace%3A.":
  version: 1.1.3+embedded
  resolution: "@backstage/plugin-catalog-common@file:./embedded/backstage-plugin-catalog-common#./embedded/backstage-plugin-catalog-common::hash=535b9c&locator=backstage-plugin-catalog-backend-module-bitbucket-server-dynamic%40workspace%3A."
  peerDependencies:
    "@backstage/catalog-model": ^1.7.3
    "@backstage/plugin-permission-common": ^0.8.4
    "@backstage/plugin-search-common": ^1.2.17
  checksum: 0e963c1ae6e52a665d76d0aa66cda75e807587fb41d395c32eb37d589cdcfca30d7ab87a69894d5276c8b4679cabf0ad63c2b7d0837f31cb037b5b3df91e1ee8
  languageName: node
  linkType: hard

"@backstage/plugin-catalog-node@file:./embedded/backstage-plugin-catalog-node::locator=backstage-plugin-catalog-backend-module-bitbucket-server-dynamic%40workspace%3A.":
  version: 1.16.0+embedded
  resolution: "@backstage/plugin-catalog-node@file:./embedded/backstage-plugin-catalog-node#./embedded/backstage-plugin-catalog-node::hash=4ab86d&locator=backstage-plugin-catalog-backend-module-bitbucket-server-dynamic%40workspace%3A."
  dependencies:
    "@backstage/plugin-catalog-common": ^1.1.3
  peerDependencies:
    "@backstage/backend-plugin-api": ^1.2.0
    "@backstage/catalog-client": ^1.9.1
    "@backstage/catalog-model": ^1.7.3
    "@backstage/errors": ^1.2.7
    "@backstage/plugin-permission-common": ^0.8.4
    "@backstage/plugin-permission-node": ^0.8.8
    "@backstage/types": ^1.2.1
  checksum: 70559bba9fb0da81142ec1fdb40e9fbce7ed4e1fafff47d46209752f5f82195cac2616b8850f59e87c419660ae02074ca29b9efbe85fa5dd1b763083fef2cc89
  languageName: node
  linkType: hard

"backstage-plugin-catalog-backend-module-bitbucket-server-dynamic@workspace:.":
  version: 0.0.0-use.local
  resolution: "backstage-plugin-catalog-backend-module-bitbucket-server-dynamic@workspace:."
  dependencies:
    "@backstage/plugin-catalog-backend-module-bitbucket-server": 0.3.2
  peerDependencies:
    "@backstage/backend-plugin-api": ^1.2.0
    "@backstage/catalog-client": ^1.9.1
    "@backstage/catalog-model": ^1.7.3
    "@backstage/config": ^1.3.2
    "@backstage/errors": ^1.2.7
    "@backstage/integration": ^1.16.1
    "@backstage/plugin-permission-common": ^0.8.4
    "@backstage/plugin-permission-node": ^0.8.8
    "@backstage/plugin-search-common": ^1.2.17
    "@backstage/types": ^1.2.1
  languageName: unknown
  linkType: soft

"p-throttle@npm:^4.1.1":
  version: 4.1.1
  resolution: "p-throttle@npm:4.1.1"
  checksum: fe8709f3c3b1da7c033479375c2c302e80c1a5d86449013afa7cd46d1dc210bc824a7e4a9d088e66d31987d00878c2b5491bb2fe76246d4d2fc9a1636f5f8298
  languageName: node
  linkType: hard

"uuid@npm:^11.0.0":
  version: 11.0.5
  resolution: "uuid@npm:11.0.5"
  bin:
    uuid: dist/esm/bin/uuid
  checksum: 8a8ed824c77ccc9387eed3049e75268a862379f0d41222716020743c438f31e9acfbe6495bd4cb1a7727c91fcf5ae20be40b306826a62c96f9ff42db48e8ed93
  languageName: node
  linkType: hard
