# This file is generated by running "yarn install" inside your project.
# Manual changes might be lost - proceed with caution!

__metadata:
  version: 6
  cacheKey: 8

"@janus-idp/backstage-plugin-aap-backend@file:./embedded/janus-idp-backstage-plugin-aap-backend::locator=janus-idp-backstage-plugin-aap-backend-dynamic%40workspace%3A.":
  version: 2.2.0+embedded
  resolution: "@janus-idp/backstage-plugin-aap-backend@file:./embedded/janus-idp-backstage-plugin-aap-backend#./embedded/janus-idp-backstage-plugin-aap-backend::hash=0e4b57&locator=janus-idp-backstage-plugin-aap-backend-dynamic%40workspace%3A."
  peerDependencies:
    "@backstage/backend-plugin-api": ^1.0.1
    "@backstage/catalog-model": ^1.7.0
    "@backstage/errors": ^1.2.4
    "@backstage/plugin-catalog-node": ^1.13.1
  checksum: 0997ad2f2cc98dd9b8984b80148b8545c4e5e2fb1eb020bfff894e3afac3fdf2278dbb10fb2811495d2159e80ba3a53e15acb36e602d31ac1ecf6e451b580d1e
  languageName: node
  linkType: hard

"janus-idp-backstage-plugin-aap-backend-dynamic@workspace:.":
  version: 0.0.0-use.local
  resolution: "janus-idp-backstage-plugin-aap-backend-dynamic@workspace:."
  dependencies:
    "@janus-idp/backstage-plugin-aap-backend": 2.2.0
  peerDependencies:
    "@backstage/backend-plugin-api": ^1.0.1
    "@backstage/catalog-model": ^1.7.0
    "@backstage/errors": ^1.2.4
    "@backstage/plugin-catalog-node": ^1.13.1
  languageName: unknown
  linkType: soft
