# This file is generated by running "yarn install" inside your project.
# Manual changes might be lost - proceed with caution!

__metadata:
  version: 6
  cacheKey: 8

"@backstage-community/plugin-scaffolder-backend-module-regex@file:./embedded/backstage-community-plugin-scaffolder-backend-module-regex::locator=backstage-community-plugin-scaffolder-backend-module-regex-dynamic%40workspace%3A.":
  version: 2.4.0+embedded
  resolution: "@backstage-community/plugin-scaffolder-backend-module-regex@file:./embedded/backstage-community-plugin-scaffolder-backend-module-regex#./embedded/backstage-community-plugin-scaffolder-backend-module-regex::hash=fc6fc7&locator=backstage-community-plugin-scaffolder-backend-module-regex-dynamic%40workspace%3A."
  dependencies:
    yaml: ^2.3.3
    zod: ^3.22.4
  peerDependencies:
    "@backstage/backend-plugin-api": ^1.1.1
    "@backstage/plugin-scaffolder-node": ^0.6.3
  checksum: 2f04ab2ffcaf51cb6e9d43e7e7bc1bbbd4132461a5d70290d5e9a851320f2fa1914825a2e816766759ddc4a5476c11419b60b88df65427c8f34870ab752e9376
  languageName: node
  linkType: hard

"backstage-community-plugin-scaffolder-backend-module-regex-dynamic@workspace:.":
  version: 0.0.0-use.local
  resolution: "backstage-community-plugin-scaffolder-backend-module-regex-dynamic@workspace:."
  dependencies:
    "@backstage-community/plugin-scaffolder-backend-module-regex": 2.4.0
  peerDependencies:
    "@backstage/backend-plugin-api": ^1.1.1
    "@backstage/plugin-scaffolder-node": ^0.6.3
  languageName: unknown
  linkType: soft

"yaml@npm:^2.3.3":
  version: 2.7.0
  resolution: "yaml@npm:2.7.0"
  bin:
    yaml: bin.mjs
  checksum: 6e8b2f9b9d1b18b10274d58eb3a47ec223d9a93245a890dcb34d62865f7e744747190a9b9177d5f0ef4ea2e44ad2c0214993deb42e0800766203ac46f00a12dd
  languageName: node
  linkType: hard

"zod@npm:^3.22.4":
  version: 3.23.8
  resolution: "zod@npm:3.23.8"
  checksum: 15949ff82118f59c893dacd9d3c766d02b6fa2e71cf474d5aa888570c469dbf5446ac5ad562bb035bf7ac9650da94f290655c194f4a6de3e766f43febd432c5c
  languageName: node
  linkType: hard
