# This file is generated by running "yarn install" inside your project.
# Manual changes might be lost - proceed with caution!

__metadata:
  version: 6
  cacheKey: 8

"@backstage-community/plugin-scaffolder-backend-module-quay@file:./embedded/backstage-community-plugin-scaffolder-backend-module-quay::locator=backstage-community-plugin-scaffolder-backend-module-quay-dynamic%40workspace%3A.":
  version: 2.4.0+embedded
  resolution: "@backstage-community/plugin-scaffolder-backend-module-quay@file:./embedded/backstage-community-plugin-scaffolder-backend-module-quay#./embedded/backstage-community-plugin-scaffolder-backend-module-quay::hash=404fe1&locator=backstage-community-plugin-scaffolder-backend-module-quay-dynamic%40workspace%3A."
  dependencies:
    yaml: ^2.6.0
  peerDependencies:
    "@backstage/backend-plugin-api": ^1.1.1
    "@backstage/plugin-scaffolder-node": ^0.6.3
  checksum: 0309799479c4c03be9eb3461b176b70b659739b5f36638874cbeeed32b15bf12805f0de9d3e26f5a70c7b07827e4a69aef5e19b7d4fea79c821b156f32f48d3a
  languageName: node
  linkType: hard

"backstage-community-plugin-scaffolder-backend-module-quay-dynamic@workspace:.":
  version: 0.0.0-use.local
  resolution: "backstage-community-plugin-scaffolder-backend-module-quay-dynamic@workspace:."
  dependencies:
    "@backstage-community/plugin-scaffolder-backend-module-quay": 2.4.0
  peerDependencies:
    "@backstage/backend-plugin-api": ^1.1.1
    "@backstage/plugin-scaffolder-node": ^0.6.3
  languageName: unknown
  linkType: soft

"yaml@npm:^2.6.0":
  version: 2.7.0
  resolution: "yaml@npm:2.7.0"
  bin:
    yaml: bin.mjs
  checksum: 6e8b2f9b9d1b18b10274d58eb3a47ec223d9a93245a890dcb34d62865f7e744747190a9b9177d5f0ef4ea2e44ad2c0214993deb42e0800766203ac46f00a12dd
  languageName: node
  linkType: hard
