# This file is generated by running "yarn install" inside your project.
# Manual changes might be lost - proceed with caution!

__metadata:
  version: 6
  cacheKey: 8

"@backstage-community/plugin-scaffolder-backend-module-quay@file:./embedded/backstage-community-plugin-scaffolder-backend-module-quay::locator=backstage-community-plugin-scaffolder-backend-module-quay-dynamic%40workspace%3A.":
  version: 2.6.0+embedded
  resolution: "@backstage-community/plugin-scaffolder-backend-module-quay@file:./embedded/backstage-community-plugin-scaffolder-backend-module-quay#./embedded/backstage-community-plugin-scaffolder-backend-module-quay::hash=215f22&locator=backstage-community-plugin-scaffolder-backend-module-quay-dynamic%40workspace%3A."
  dependencies:
    yaml: ^2.6.0
  peerDependencies:
    "@backstage/backend-plugin-api": ^1.2.0
    "@backstage/plugin-scaffolder-node": ^0.7.0
  checksum: 32494137f5f93b23f72fccdc242dbdb0e8be54b7627099e4d7f26a32648c3258cd98e263e818c3e937cf865af022178808b8b14bafb6b4de203df7169b9512d7
  languageName: node
  linkType: hard

"backstage-community-plugin-scaffolder-backend-module-quay-dynamic@workspace:.":
  version: 0.0.0-use.local
  resolution: "backstage-community-plugin-scaffolder-backend-module-quay-dynamic@workspace:."
  dependencies:
    "@backstage-community/plugin-scaffolder-backend-module-quay": 2.6.0
  peerDependencies:
    "@backstage/backend-plugin-api": ^1.2.0
    "@backstage/plugin-scaffolder-node": ^0.7.0
  languageName: unknown
  linkType: soft

"yaml@npm:^2.6.0":
  version: 2.7.0
  resolution: "yaml@npm:2.7.0"
  bin:
    yaml: bin.mjs
  checksum: 6e8b2f9b9d1b18b10274d58eb3a47ec223d9a93245a890dcb34d62865f7e744747190a9b9177d5f0ef4ea2e44ad2c0214993deb42e0800766203ac46f00a12dd
  languageName: node
  linkType: hard
