# This file is generated by running "yarn install" inside your project.
# Manual changes might be lost - proceed with caution!

__metadata:
  version: 6
  cacheKey: 8

"@backstage-community/plugin-scaffolder-backend-module-quay@file:./embedded/backstage-community-plugin-scaffolder-backend-module-quay::locator=backstage-community-plugin-scaffolder-backend-module-quay-dynamic%40workspace%3A.":
  version: 2.2.2+embedded
  resolution: "@backstage-community/plugin-scaffolder-backend-module-quay@file:./embedded/backstage-community-plugin-scaffolder-backend-module-quay#./embedded/backstage-community-plugin-scaffolder-backend-module-quay::hash=f8dda7&locator=backstage-community-plugin-scaffolder-backend-module-quay-dynamic%40workspace%3A."
  dependencies:
    yaml: ^2.6.0
  peerDependencies:
    "@backstage/backend-plugin-api": ^1.0.1
    "@backstage/plugin-scaffolder-node": ^0.5.0
  checksum: a2d978e338d62b350c7b54141e68f9d99b165fb23b1bbb0b83d5384fca77dbeba531ff7ed7064397bf502556b67fb81fc15f5258bc67e233149e20e7dda3c5aa
  languageName: node
  linkType: hard

"backstage-community-plugin-scaffolder-backend-module-quay-dynamic@workspace:.":
  version: 0.0.0-use.local
  resolution: "backstage-community-plugin-scaffolder-backend-module-quay-dynamic@workspace:."
  dependencies:
    "@backstage-community/plugin-scaffolder-backend-module-quay": 2.2.2
  peerDependencies:
    "@backstage/backend-plugin-api": ^1.0.1
    "@backstage/plugin-scaffolder-node": ^0.5.0
  languageName: unknown
  linkType: soft

"yaml@npm:^2.6.0":
  version: 2.7.0
  resolution: "yaml@npm:2.7.0"
  bin:
    yaml: bin.mjs
  checksum: 6e8b2f9b9d1b18b10274d58eb3a47ec223d9a93245a890dcb34d62865f7e744747190a9b9177d5f0ef4ea2e44ad2c0214993deb42e0800766203ac46f00a12dd
  languageName: node
  linkType: hard
