# This file is generated by running "yarn install" inside your project.
# Manual changes might be lost - proceed with caution!

__metadata:
  version: 6
  cacheKey: 8

"@aws-sdk/util-utf8-browser@npm:^3":
  version: 3.259.0
  resolution: "@aws-sdk/util-utf8-browser@npm:3.259.0"
  dependencies:
    tslib: ^2.3.1
  checksum: b6a1e580da1c9b62c749814182a7649a748ca4253edb4063aa521df97d25b76eae3359eb1680b86f71aac668e05cc05c514379bca39ebf4ba998ae4348412da8
  languageName: node
  linkType: hard

"@janus-idp/backstage-plugin-keycloak-backend-dynamic@workspace:.":
  version: 0.0.0-use.local
  resolution: "@janus-idp/backstage-plugin-keycloak-backend-dynamic@workspace:."
  dependencies:
    "@aws-sdk/util-utf8-browser": ^3
    "@smithy/util-utf8": ~2
    axios: ^0.26.1
    camelize-ts: ^1.0.8
    keycloak-js: ^17.0.1
    lodash: ^4.17.21
    query-string: ^7.0.1
    url-join: ^4.0.0
    url-template: ^2.0.8
    uuid: ^9.0.1
  peerDependencies:
    "@backstage/backend-common": ^0.23.3
    "@backstage/backend-dynamic-feature-service": ^0.2.15
    "@backstage/backend-plugin-api": ^0.7.0
    "@backstage/backend-tasks": ^0.5.27
    "@backstage/catalog-model": ^1.5.0
    "@backstage/config": ^1.2.0
    "@backstage/plugin-catalog-node": ^1.12.4
  languageName: unknown
  linkType: soft

"@smithy/is-array-buffer@npm:^2.2.0":
  version: 2.2.0
  resolution: "@smithy/is-array-buffer@npm:2.2.0"
  dependencies:
    tslib: ^2.6.2
  checksum: cd12c2e27884fec89ca8966d33c9dc34d3234efe89b33a9b309c61ebcde463e6f15f6a02d31d4fddbfd6e5904743524ca5b95021b517b98fe10957c2da0cd5fc
  languageName: node
  linkType: hard

"@smithy/util-buffer-from@npm:^2.2.0":
  version: 2.2.0
  resolution: "@smithy/util-buffer-from@npm:2.2.0"
  dependencies:
    "@smithy/is-array-buffer": ^2.2.0
    tslib: ^2.6.2
  checksum: 424c5b7368ae5880a8f2732e298d17879a19ca925f24ca45e1c6c005f717bb15b76eb28174d308d81631ad457ea0088aab0fd3255dd42f45a535c81944ad64d3
  languageName: node
  linkType: hard

"@smithy/util-utf8@npm:~2":
  version: 2.3.0
  resolution: "@smithy/util-utf8@npm:2.3.0"
  dependencies:
    "@smithy/util-buffer-from": ^2.2.0
    tslib: ^2.6.2
  checksum: 00e55d4b4e37d48be0eef3599082402b933c52a1407fed7e8e8ad76d94d81a0b30b8bfaf2047c59d9c3af31e5f20e7a8c959cb7ae270f894255e05a2229964f0
  languageName: node
  linkType: hard

"axios@npm:^0.26.1":
  version: 0.26.1
  resolution: "axios@npm:0.26.1"
  dependencies:
    follow-redirects: ^1.14.8
  checksum: d9eb58ff4bc0b36a04783fc9ff760e9245c829a5a1052ee7ca6013410d427036b1d10d04e7380c02f3508c5eaf3485b1ae67bd2adbfec3683704745c8d7a6e1a
  languageName: node
  linkType: hard

"base64-js@npm:^1.5.1":
  version: 1.5.1
  resolution: "base64-js@npm:1.5.1"
  checksum: 669632eb3745404c2f822a18fc3a0122d2f9a7a13f7fb8b5823ee19d1d2ff9ee5b52c53367176ea4ad093c332fd5ab4bd0ebae5a8e27917a4105a4cfc86b1005
  languageName: node
  linkType: hard

"camelize-ts@npm:^1.0.8":
  version: 1.0.9
  resolution: "camelize-ts@npm:1.0.9"
  checksum: 6c10b0093b66312b536ada832620afbfea9dc66ee1068734f208ece951d1ea3b77ea0306e9a57131e4ef62eade2385bef446cc520f3cac921b10ebda115c2531
  languageName: node
  linkType: hard

"decode-uri-component@npm:^0.2.2":
  version: 0.2.2
  resolution: "decode-uri-component@npm:0.2.2"
  checksum: 95476a7d28f267292ce745eac3524a9079058bbb35767b76e3ee87d42e34cd0275d2eb19d9d08c3e167f97556e8a2872747f5e65cbebcac8b0c98d83e285f139
  languageName: node
  linkType: hard

"filter-obj@npm:^1.1.0":
  version: 1.1.0
  resolution: "filter-obj@npm:1.1.0"
  checksum: cf2104a7c45ff48e7f505b78a3991c8f7f30f28bd8106ef582721f321f1c6277f7751aacd5d83026cb079d9d5091082f588d14a72e7c5d720ece79118fa61e10
  languageName: node
  linkType: hard

"follow-redirects@npm:^1.14.8":
  version: 1.15.6
  resolution: "follow-redirects@npm:1.15.6"
  peerDependenciesMeta:
    debug:
      optional: true
  checksum: a62c378dfc8c00f60b9c80cab158ba54e99ba0239a5dd7c81245e5a5b39d10f0c35e249c3379eae719ff0285fff88c365dd446fab19dee771f1d76252df1bbf5
  languageName: node
  linkType: hard

"js-sha256@npm:^0.9.0":
  version: 0.9.0
  resolution: "js-sha256@npm:0.9.0"
  checksum: ffad54b3373f81581e245866abfda50a62c483803a28176dd5c28fd2d313e0bdf830e77dac7ff8afd193c53031618920f3d98daf21cbbe80082753ab639c0365
  languageName: node
  linkType: hard

"keycloak-js@npm:^17.0.1":
  version: 17.0.1
  resolution: "keycloak-js@npm:17.0.1"
  dependencies:
    base64-js: ^1.5.1
    js-sha256: ^0.9.0
  checksum: e80b16d8b9dadf2f1772043654b83673580bd162b1842667e2d3ffa5f286d000f3f4acee52b9cc046656c2964707df0288a724c99a9c1ac29fbcd00b3466f0e7
  languageName: node
  linkType: hard

"lodash@npm:^4.17.21":
  version: 4.17.21
  resolution: "lodash@npm:4.17.21"
  checksum: eb835a2e51d381e561e508ce932ea50a8e5a68f4ebdd771ea240d3048244a8d13658acbd502cd4829768c56f2e16bdd4340b9ea141297d472517b83868e677f7
  languageName: node
  linkType: hard

"query-string@npm:^7.0.1":
  version: 7.1.3
  resolution: "query-string@npm:7.1.3"
  dependencies:
    decode-uri-component: ^0.2.2
    filter-obj: ^1.1.0
    split-on-first: ^1.0.0
    strict-uri-encode: ^2.0.0
  checksum: 91af02dcd9cc9227a052841d5c2eecb80a0d6489d05625df506a097ef1c59037cfb5e907f39b84643cbfd535c955abec3e553d0130a7b510120c37d06e0f4346
  languageName: node
  linkType: hard

"split-on-first@npm:^1.0.0":
  version: 1.1.0
  resolution: "split-on-first@npm:1.1.0"
  checksum: 16ff85b54ddcf17f9147210a4022529b343edbcbea4ce977c8f30e38408b8d6e0f25f92cd35b86a524d4797f455e29ab89eb8db787f3c10708e0b47ebf528d30
  languageName: node
  linkType: hard

"strict-uri-encode@npm:^2.0.0":
  version: 2.0.0
  resolution: "strict-uri-encode@npm:2.0.0"
  checksum: eaac4cf978b6fbd480f1092cab8b233c9b949bcabfc9b598dd79a758f7243c28765ef7639c876fa72940dac687181b35486ea01ff7df3e65ce3848c64822c581
  languageName: node
  linkType: hard

"tslib@npm:^2.3.1":
  version: 2.8.0
  resolution: "tslib@npm:2.8.0"
  checksum: de852ecd81adfdb4870927e250763345f07dc13fe7f395ce261424966bb122a0992ad844c3ec875c9e63e72afe2220a150712984e44dfd1a8a7e538a064e3d46
  languageName: node
  linkType: hard

"tslib@npm:^2.6.2":
  version: 2.6.3
  resolution: "tslib@npm:2.6.3"
  checksum: 74fce0e100f1ebd95b8995fbbd0e6c91bdd8f4c35c00d4da62e285a3363aaa534de40a80db30ecfd388ed7c313c42d930ee0eaf108e8114214b180eec3dbe6f5
  languageName: node
  linkType: hard

"url-join@npm:^4.0.0":
  version: 4.0.1
  resolution: "url-join@npm:4.0.1"
  checksum: f74e868bf25dbc8be6a8d7237d4c36bb5b6c62c72e594d5ab1347fe91d6af7ccd9eb5d621e30152e4da45c2e9a26bec21390e911ab54a62d4d82e76028374ee5
  languageName: node
  linkType: hard

"url-template@npm:^2.0.8":
  version: 2.0.8
  resolution: "url-template@npm:2.0.8"
  checksum: 4183fccd74e3591e4154134d4443dccecba9c455c15c7df774f1f1e3fa340fd9bffb903b5beec347196d15ce49c34edf6dec0634a95d170ad6e78c0467d6e13e
  languageName: node
  linkType: hard

"uuid@npm:^9.0.1":
  version: 9.0.1
  resolution: "uuid@npm:9.0.1"
  bin:
    uuid: dist/bin/uuid
  checksum: 39931f6da74e307f51c0fb463dc2462807531dc80760a9bff1e35af4316131b4fc3203d16da60ae33f07fdca5b56f3f1dd662da0c99fea9aaeab2004780cc5f4
  languageName: node
  linkType: hard
