# This file is generated by running "yarn install" inside your project.
# Manual changes might be lost - proceed with caution!

__metadata:
  version: 6
  cacheKey: 8

"@aws-sdk/util-utf8-browser@npm:^3":
  version: 3.259.0
  resolution: "@aws-sdk/util-utf8-browser@npm:3.259.0"
  dependencies:
    tslib: ^2.3.1
  checksum: b6a1e580da1c9b62c749814182a7649a748ca4253edb4063aa521df97d25b76eae3359eb1680b86f71aac668e05cc05c514379bca39ebf4ba998ae4348412da8
  languageName: node
  linkType: hard

"@smithy/is-array-buffer@npm:^2.2.0":
  version: 2.2.0
  resolution: "@smithy/is-array-buffer@npm:2.2.0"
  dependencies:
    tslib: ^2.6.2
  checksum: cd12c2e27884fec89ca8966d33c9dc34d3234efe89b33a9b309c61ebcde463e6f15f6a02d31d4fddbfd6e5904743524ca5b95021b517b98fe10957c2da0cd5fc
  languageName: node
  linkType: hard

"@smithy/util-buffer-from@npm:^2.2.0":
  version: 2.2.0
  resolution: "@smithy/util-buffer-from@npm:2.2.0"
  dependencies:
    "@smithy/is-array-buffer": ^2.2.0
    tslib: ^2.6.2
  checksum: 424c5b7368ae5880a8f2732e298d17879a19ca925f24ca45e1c6c005f717bb15b76eb28174d308d81631ad457ea0088aab0fd3255dd42f45a535c81944ad64d3
  languageName: node
  linkType: hard

"@smithy/util-utf8@npm:~2":
  version: 2.3.0
  resolution: "@smithy/util-utf8@npm:2.3.0"
  dependencies:
    "@smithy/util-buffer-from": ^2.2.0
    tslib: ^2.6.2
  checksum: 00e55d4b4e37d48be0eef3599082402b933c52a1407fed7e8e8ad76d94d81a0b30b8bfaf2047c59d9c3af31e5f20e7a8c959cb7ae270f894255e05a2229964f0
  languageName: node
  linkType: hard

"backstage-plugin-catalog-backend-module-bitbucket-cloud-dynamic@workspace:.":
  version: 0.0.0-use.local
  resolution: "backstage-plugin-catalog-backend-module-bitbucket-cloud-dynamic@workspace:."
  dependencies:
    "@aws-sdk/util-utf8-browser": ^3
    "@smithy/util-utf8": ~2
    cross-fetch: ^4.0.0
    uuid: ^9.0.0
  peerDependencies:
    "@backstage/backend-plugin-api": ^1.0.1
    "@backstage/catalog-client": ^1.7.1
    "@backstage/catalog-model": ^1.7.0
    "@backstage/config": ^1.2.0
    "@backstage/integration": ^1.15.1
    "@backstage/plugin-catalog-common": ^1.1.0
    "@backstage/plugin-catalog-node": ^1.13.1
    "@backstage/plugin-events-node": ^0.4.2
  languageName: unknown
  linkType: soft

"cross-fetch@npm:^4.0.0":
  version: 4.0.0
  resolution: "cross-fetch@npm:4.0.0"
  dependencies:
    node-fetch: ^2.6.12
  checksum: ecca4f37ffa0e8283e7a8a590926b66713a7ef7892757aa36c2d20ffa27b0ac5c60dcf453119c809abe5923fc0bae3702a4d896bfb406ef1077b0d0018213e24
  languageName: node
  linkType: hard

"node-fetch@npm:^2.6.12":
  version: 2.7.0
  resolution: "node-fetch@npm:2.7.0"
  dependencies:
    whatwg-url: ^5.0.0
  peerDependencies:
    encoding: ^0.1.0
  peerDependenciesMeta:
    encoding:
      optional: true
  checksum: d76d2f5edb451a3f05b15115ec89fc6be39de37c6089f1b6368df03b91e1633fd379a7e01b7ab05089a25034b2023d959b47e59759cb38d88341b2459e89d6e5
  languageName: node
  linkType: hard

"tr46@npm:~0.0.3":
  version: 0.0.3
  resolution: "tr46@npm:0.0.3"
  checksum: 726321c5eaf41b5002e17ffbd1fb7245999a073e8979085dacd47c4b4e8068ff5777142fc6726d6ca1fd2ff16921b48788b87225cbc57c72636f6efa8efbffe3
  languageName: node
  linkType: hard

"tslib@npm:^2.3.1, tslib@npm:^2.6.2":
  version: 2.8.1
  resolution: "tslib@npm:2.8.1"
  checksum: e4aba30e632b8c8902b47587fd13345e2827fa639e7c3121074d5ee0880723282411a8838f830b55100cbe4517672f84a2472667d355b81e8af165a55dc6203a
  languageName: node
  linkType: hard

"uuid@npm:^9.0.0":
  version: 9.0.1
  resolution: "uuid@npm:9.0.1"
  bin:
    uuid: dist/bin/uuid
  checksum: 39931f6da74e307f51c0fb463dc2462807531dc80760a9bff1e35af4316131b4fc3203d16da60ae33f07fdca5b56f3f1dd662da0c99fea9aaeab2004780cc5f4
  languageName: node
  linkType: hard

"webidl-conversions@npm:^3.0.0":
  version: 3.0.1
  resolution: "webidl-conversions@npm:3.0.1"
  checksum: c92a0a6ab95314bde9c32e1d0a6dfac83b578f8fa5f21e675bc2706ed6981bc26b7eb7e6a1fab158e5ce4adf9caa4a0aee49a52505d4d13c7be545f15021b17c
  languageName: node
  linkType: hard

"whatwg-url@npm:^5.0.0":
  version: 5.0.0
  resolution: "whatwg-url@npm:5.0.0"
  dependencies:
    tr46: ~0.0.3
    webidl-conversions: ^3.0.0
  checksum: b8daed4ad3356cc4899048a15b2c143a9aed0dfae1f611ebd55073310c7b910f522ad75d727346ad64203d7e6c79ef25eafd465f4d12775ca44b90fa82ed9e2c
  languageName: node
  linkType: hard
