# This file is generated by running "yarn install" inside your project.
# Manual changes might be lost - proceed with caution!

__metadata:
  version: 6
  cacheKey: 8

"@backstage-community/plugin-catalog-backend-module-scaffolder-relation-processor@file:./embedded/backstage-community-plugin-catalog-backend-module-scaffolder-relation-processor::locator=backstage-community-plugin-catalog-backend-module-scaffolder-relation-processor-dynamic%40workspace%3A.":
  version: 2.3.0+embedded
  resolution: "@backstage-community/plugin-catalog-backend-module-scaffolder-relation-processor@file:./embedded/backstage-community-plugin-catalog-backend-module-scaffolder-relation-processor#./embedded/backstage-community-plugin-catalog-backend-module-scaffolder-relation-processor::hash=a5fd82&locator=backstage-community-plugin-catalog-backend-module-scaffolder-relation-processor-dynamic%40workspace%3A."
  peerDependencies:
    "@backstage/backend-plugin-api": ^1.2.0
    "@backstage/catalog-model": ^1.7.3
    "@backstage/plugin-catalog-node": ^1.16.0
  checksum: b35cb77cb152efa50898639b6ab38b2ee3b3e220a6b271976c444c70a414a98c3aff749f1de1e5f13ce18c5326cc350e18d0ba9b213323be1b2e0ae4568733b2
  languageName: node
  linkType: hard

"backstage-community-plugin-catalog-backend-module-scaffolder-relation-processor-dynamic@workspace:.":
  version: 0.0.0-use.local
  resolution: "backstage-community-plugin-catalog-backend-module-scaffolder-relation-processor-dynamic@workspace:."
  dependencies:
    "@backstage-community/plugin-catalog-backend-module-scaffolder-relation-processor": 2.3.0
  peerDependencies:
    "@backstage/backend-plugin-api": ^1.2.0
    "@backstage/catalog-model": ^1.7.3
    "@backstage/plugin-catalog-node": ^1.16.0
  languageName: unknown
  linkType: soft
