# This file is generated by running "yarn install" inside your project.
# Manual changes might be lost - proceed with caution!

__metadata:
  version: 6
  cacheKey: 8

"@backstage-community/plugin-catalog-backend-module-scaffolder-relation-processor@file:./embedded/backstage-community-plugin-catalog-backend-module-scaffolder-relation-processor::locator=backstage-community-plugin-catalog-backend-module-scaffolder-relation-processor-dynamic%40workspace%3A.":
  version: 2.2.0+embedded
  resolution: "@backstage-community/plugin-catalog-backend-module-scaffolder-relation-processor@file:./embedded/backstage-community-plugin-catalog-backend-module-scaffolder-relation-processor#./embedded/backstage-community-plugin-catalog-backend-module-scaffolder-relation-processor::hash=2bc112&locator=backstage-community-plugin-catalog-backend-module-scaffolder-relation-processor-dynamic%40workspace%3A."
  peerDependencies:
    "@backstage/backend-plugin-api": ^1.1.1
    "@backstage/catalog-model": ^1.7.3
    "@backstage/plugin-catalog-node": ^1.15.1
  checksum: 977d8cada773824179fbeffe87adbdb80a491f0e3b2e9c45c5b5ac7ff78bcee2def85695bcc9b5acc8dcc77aa9fb87f75b5ca735f0fc49acdae7c1e8b902c850
  languageName: node
  linkType: hard

"backstage-community-plugin-catalog-backend-module-scaffolder-relation-processor-dynamic@workspace:.":
  version: 0.0.0-use.local
  resolution: "backstage-community-plugin-catalog-backend-module-scaffolder-relation-processor-dynamic@workspace:."
  dependencies:
    "@backstage-community/plugin-catalog-backend-module-scaffolder-relation-processor": 2.2.0
  peerDependencies:
    "@backstage/backend-plugin-api": ^1.1.1
    "@backstage/catalog-model": ^1.7.3
    "@backstage/plugin-catalog-node": ^1.15.1
  languageName: unknown
  linkType: soft
