# This file is generated by running "yarn install" inside your project.
# Manual changes might be lost - proceed with caution!

__metadata:
  version: 6
  cacheKey: 8

"@aws-sdk/util-utf8-browser@npm:^3":
  version: 3.259.0
  resolution: "@aws-sdk/util-utf8-browser@npm:3.259.0"
  dependencies:
    tslib: ^2.3.1
  checksum: b6a1e580da1c9b62c749814182a7649a748ca4253edb4063aa521df97d25b76eae3359eb1680b86f71aac668e05cc05c514379bca39ebf4ba998ae4348412da8
  languageName: node
  linkType: hard

"@janus-idp/backstage-scaffolder-backend-module-quay-dynamic@workspace:.":
  version: 0.0.0-use.local
  resolution: "@janus-idp/backstage-scaffolder-backend-module-quay-dynamic@workspace:."
  dependencies:
    "@aws-sdk/util-utf8-browser": ^3
    "@smithy/util-utf8": ~2
  peerDependencies:
    "@backstage/backend-dynamic-feature-service": ^0.2.15
    "@backstage/backend-plugin-api": ^0.7.0
    "@backstage/plugin-scaffolder-node": ^0.4.8
  languageName: unknown
  linkType: soft

"@smithy/is-array-buffer@npm:^2.2.0":
  version: 2.2.0
  resolution: "@smithy/is-array-buffer@npm:2.2.0"
  dependencies:
    tslib: ^2.6.2
  checksum: cd12c2e27884fec89ca8966d33c9dc34d3234efe89b33a9b309c61ebcde463e6f15f6a02d31d4fddbfd6e5904743524ca5b95021b517b98fe10957c2da0cd5fc
  languageName: node
  linkType: hard

"@smithy/util-buffer-from@npm:^2.2.0":
  version: 2.2.0
  resolution: "@smithy/util-buffer-from@npm:2.2.0"
  dependencies:
    "@smithy/is-array-buffer": ^2.2.0
    tslib: ^2.6.2
  checksum: 424c5b7368ae5880a8f2732e298d17879a19ca925f24ca45e1c6c005f717bb15b76eb28174d308d81631ad457ea0088aab0fd3255dd42f45a535c81944ad64d3
  languageName: node
  linkType: hard

"@smithy/util-utf8@npm:~2":
  version: 2.3.0
  resolution: "@smithy/util-utf8@npm:2.3.0"
  dependencies:
    "@smithy/util-buffer-from": ^2.2.0
    tslib: ^2.6.2
  checksum: 00e55d4b4e37d48be0eef3599082402b933c52a1407fed7e8e8ad76d94d81a0b30b8bfaf2047c59d9c3af31e5f20e7a8c959cb7ae270f894255e05a2229964f0
  languageName: node
  linkType: hard

"tslib@npm:^2.3.1":
  version: 2.8.0
  resolution: "tslib@npm:2.8.0"
  checksum: de852ecd81adfdb4870927e250763345f07dc13fe7f395ce261424966bb122a0992ad844c3ec875c9e63e72afe2220a150712984e44dfd1a8a7e538a064e3d46
  languageName: node
  linkType: hard

"tslib@npm:^2.6.2":
  version: 2.6.3
  resolution: "tslib@npm:2.6.3"
  checksum: 74fce0e100f1ebd95b8995fbbd0e6c91bdd8f4c35c00d4da62e285a3363aaa534de40a80db30ecfd388ed7c313c42d930ee0eaf108e8114214b180eec3dbe6f5
  languageName: node
  linkType: hard
