# This file is generated by running "yarn install" inside your project.
# Manual changes might be lost - proceed with caution!

__metadata:
  version: 6
  cacheKey: 8

"@red-hat-developer-hub/backstage-plugin-catalog-backend-module-marketplace@file:./embedded/red-hat-developer-hub-backstage-plugin-catalog-backend-module-marketplace::locator=red-hat-developer-hub-backstage-plugin-catalog-backend-module-marketplace-dynamic%40workspace%3A.":
  version: 0.0.2+embedded
  resolution: "@red-hat-developer-hub/backstage-plugin-catalog-backend-module-marketplace@file:./embedded/red-hat-developer-hub-backstage-plugin-catalog-backend-module-marketplace#./embedded/red-hat-developer-hub-backstage-plugin-catalog-backend-module-marketplace::hash=804c72&locator=red-hat-developer-hub-backstage-plugin-catalog-backend-module-marketplace-dynamic%40workspace%3A."
  dependencies:
    "@red-hat-developer-hub/backstage-plugin-marketplace-common": ^0.0.2
    semver: ^7.6.3
  peerDependencies:
    "@backstage/backend-plugin-api": ^1.0.1
    "@backstage/catalog-model": ^1.7.0
    "@backstage/plugin-catalog-common": ^1.1.0
    "@backstage/plugin-catalog-node": ^1.13.1
    "@backstage/types": ^1.1.1
  checksum: 0a6fbeedb2fb99660fd23685b4e8febfffdbce7ea66bc0814e0dd5be2a3f046b8a01687f93a7c3b6dbfab5ff76b523f910884110de62b4aa3468fa9d31ac2892
  languageName: node
  linkType: hard

"@red-hat-developer-hub/backstage-plugin-marketplace-common@npm:^0.0.2":
  version: 0.0.2
  resolution: "@red-hat-developer-hub/backstage-plugin-marketplace-common@npm:0.0.2"
  peerDependencies:
    "@backstage/catalog-model": ^1.7.0
    "@backstage/types": ^1.1.1
  checksum: 4f1783ab36fe4b0823e5e96c5a43e0292157696230036dfa8ce06cef94c0b58a8fbb2de75e9c0688391da6340265c3f075fe35f783538a2b82037bb639252036
  languageName: node
  linkType: hard

"red-hat-developer-hub-backstage-plugin-catalog-backend-module-marketplace-dynamic@workspace:.":
  version: 0.0.0-use.local
  resolution: "red-hat-developer-hub-backstage-plugin-catalog-backend-module-marketplace-dynamic@workspace:."
  dependencies:
    "@red-hat-developer-hub/backstage-plugin-catalog-backend-module-marketplace": 0.0.2
  peerDependencies:
    "@backstage/backend-plugin-api": ^1.0.1
    "@backstage/catalog-model": ^1.7.0
    "@backstage/plugin-catalog-common": ^1.1.0
    "@backstage/plugin-catalog-node": ^1.13.1
    "@backstage/types": ^1.1.1
  languageName: unknown
  linkType: soft

"semver@npm:^7.6.3":
  version: 7.6.3
  resolution: "semver@npm:7.6.3"
  bin:
    semver: bin/semver.js
  checksum: 4110ec5d015c9438f322257b1c51fe30276e5f766a3f64c09edd1d7ea7118ecbc3f379f3b69032bacf13116dc7abc4ad8ce0d7e2bd642e26b0d271b56b61a7d8
  languageName: node
  linkType: hard
