---
lockfileVersion: 1
lockfileVendor: redhat
arches:
- arch: x86_64
  packages:
  - url: https://cdn-ubi.redhat.com/content/public/ubi/dist/ubi9/9/x86_64/baseos/os/Packages/o/openssl-3.5.1-3.el9.x86_64.rpm
    repoid: ubi-9-for-x86_64-baseos-rpms
    size: 1558854
    checksum: sha256:f70d967a121988f3dc3477ac0eb708f212820e18dd202fc5fb32e9de109f3af7
    name: openssl
    evr: 1:3.5.1-3.el9
    sourcerpm: openssl-3.5.1-3.el9.src.rpm
  - url: https://cdn-ubi.redhat.com/content/public/ubi/dist/ubi9/9/x86_64/baseos/os/Packages/o/openssl-fips-provider-3.0.7-8.el9.x86_64.rpm
    repoid: ubi-9-for-x86_64-baseos-rpms
    size: 9402
    checksum: sha256:bbf25303def8e1270675531c47bdad432f6ad8ef4c327556ae65bd6abaf8edb5
    name: openssl-fips-provider
    evr: 3.0.7-8.el9
    sourcerpm: openssl-fips-provider-3.0.7-8.el9.src.rpm
  - url: https://cdn-ubi.redhat.com/content/public/ubi/dist/ubi9/9/x86_64/baseos/os/Packages/o/openssl-fips-provider-so-3.0.7-8.el9.x86_64.rpm
    repoid: ubi-9-for-x86_64-baseos-rpms
    size: 589811
    checksum: sha256:ab48d98504fae6f8636de027a1ee06d21d5e9c27b7beb247017a6fe55567c5e9
    name: openssl-fips-provider-so
    evr: 3.0.7-8.el9
    sourcerpm: openssl-fips-provider-3.0.7-8.el9.src.rpm
  - url: https://cdn-ubi.redhat.com/content/public/ubi/dist/ubi9/9/x86_64/baseos/os/Packages/o/openssl-libs-3.5.1-3.el9.x86_64.rpm
    repoid: ubi-9-for-x86_64-baseos-rpms
    size: 2416132
    checksum: sha256:57165c83b141af93bd0fdba087d7702acba3161867e5c3f0edcd5fabe405bffe
    name: openssl-libs
    evr: 1:3.5.1-3.el9
    sourcerpm: openssl-3.5.1-3.el9.src.rpm
  source:
  - url: https://cdn-ubi.redhat.com/content/public/ubi/dist/ubi9/9/x86_64/baseos/source/SRPMS/Packages/o/openssl-3.5.1-3.el9.src.rpm
    repoid: ubi-9-for-x86_64-baseos-source-rpms
    size: 53366966
    checksum: sha256:68c2409b36474e010052c30e30c0b0607f12dea8042e08fa77835e5d5bdec761
    name: openssl
    evr: 1:3.5.1-3.el9
  - url: https://cdn-ubi.redhat.com/content/public/ubi/dist/ubi9/9/x86_64/baseos/source/SRPMS/Packages/o/openssl-fips-provider-3.0.7-8.el9.src.rpm
    repoid: ubi-9-for-x86_64-baseos-source-rpms
    size: 89979766
    checksum: sha256:f6e518e04053c5ff00bea751cd9bad3bd7a2be0eb8259b9d45b3cf1a80438bb9
    name: openssl-fips-provider
    evr: 3.0.7-8.el9
  module_metadata: []
