---
lockfileVersion: 1
lockfileVendor: redhat
arches:
- arch: x86_64
  packages:
  - url: https://cdn-ubi.redhat.com/content/public/ubi/dist/ubi9/9/x86_64/baseos/os/Packages/o/openssl-3.2.2-6.el9_5.x86_64.rpm
    repoid: ubi9-baseos
    size: 1423127
    checksum: sha256:adea7d3b99a23d01925632de46597f90b9934f7f92b40c28f34ff5c501c6d8a6
    name: openssl
    evr: 1:3.2.2-6.el9_5
    sourcerpm: openssl-3.2.2-6.el9_5.src.rpm
  source: []
  module_metadata: []
