# This file is generated by running "yarn install" inside your project.
# Manual changes might be lost - proceed with caution!

__metadata:
  version: 6
  cacheKey: 8

"@backstage-community/plugin-catalog-backend-module-keycloak@file:./embedded/backstage-community-plugin-catalog-backend-module-keycloak::locator=backstage-community-plugin-catalog-backend-module-keycloak-dynamic%40workspace%3A.":
  version: 3.10.0+embedded
  resolution: "@backstage-community/plugin-catalog-backend-module-keycloak@file:./embedded/backstage-community-plugin-catalog-backend-module-keycloak#./embedded/backstage-community-plugin-catalog-backend-module-keycloak::hash=f939ae&locator=backstage-community-plugin-catalog-backend-module-keycloak-dynamic%40workspace%3A."
  dependencies:
    "@keycloak/keycloak-admin-client": 26.1.4
    "@opentelemetry/api": ^1.9.0
    jsonwebtoken: ^9.0.0
    lodash: ^4.17.21
    p-limit: ^6.1.0
    pg-format: ^1.0.4
    uuid: ^9.0.1
  peerDependencies:
    "@backstage/backend-plugin-api": ^1.2.0
    "@backstage/catalog-model": ^1.7.3
    "@backstage/errors": ^1.2.7
    "@backstage/plugin-catalog-node": ^1.16.0
  checksum: 2f5774877b0cfbe5e1cf62fdd5633f84edcc8df087d0a715beae68110e0cc3f32c38f2d04a21c2612ef95f3eabe0fabf8eb443c2fbb16cc7c124c31d5c3407a3
  languageName: node
  linkType: hard

"@keycloak/keycloak-admin-client@npm:26.1.4":
  version: 26.1.4
  resolution: "@keycloak/keycloak-admin-client@npm:26.1.4"
  dependencies:
    camelize-ts: ^3.0.0
    url-join: ^5.0.0
    url-template: ^3.1.1
  checksum: ab88b9826fbf91969c94c6e801e8da966c19eb5855d1b3d8e982726c01f53b2ec98cf63cb78dd15438fce37a65e60d1ee6f5e657223cf8625ae4a35b086e3d23
  languageName: node
  linkType: hard

"@opentelemetry/api@npm:^1.9.0":
  version: 1.9.0
  resolution: "@opentelemetry/api@npm:1.9.0"
  checksum: 9e88e59d53ced668f3daaecfd721071c5b85a67dd386f1c6f051d1be54375d850016c881f656ffbe9a03bedae85f7e89c2f2b635313f9c9b195ad033cdc31020
  languageName: node
  linkType: hard

"backstage-community-plugin-catalog-backend-module-keycloak-dynamic@workspace:.":
  version: 0.0.0-use.local
  resolution: "backstage-community-plugin-catalog-backend-module-keycloak-dynamic@workspace:."
  dependencies:
    "@backstage-community/plugin-catalog-backend-module-keycloak": 3.10.0
  peerDependencies:
    "@backstage/backend-plugin-api": ^1.2.0
    "@backstage/catalog-model": ^1.7.3
    "@backstage/errors": ^1.2.7
    "@backstage/plugin-catalog-node": ^1.16.0
  languageName: unknown
  linkType: soft

"buffer-equal-constant-time@npm:1.0.1":
  version: 1.0.1
  resolution: "buffer-equal-constant-time@npm:1.0.1"
  checksum: 80bb945f5d782a56f374b292770901065bad21420e34936ecbe949e57724b4a13874f735850dd1cc61f078773c4fb5493a41391e7bda40d1fa388d6bd80daaab
  languageName: node
  linkType: hard

"camelize-ts@npm:^3.0.0":
  version: 3.0.0
  resolution: "camelize-ts@npm:3.0.0"
  checksum: 835f7f79ddec6e6e0364c6a8294ce82586bca5d9443001f28077169181801cb126d8bc608c85504aa6c877de6fe5f7c9533f80996dc81117d865ff92c676d680
  languageName: node
  linkType: hard

"ecdsa-sig-formatter@npm:1.0.11":
  version: 1.0.11
  resolution: "ecdsa-sig-formatter@npm:1.0.11"
  dependencies:
    safe-buffer: ^5.0.1
  checksum: 207f9ab1c2669b8e65540bce29506134613dd5f122cccf1e6a560f4d63f2732d427d938f8481df175505aad94583bcb32c688737bb39a6df0625f903d6d93c03
  languageName: node
  linkType: hard

"jsonwebtoken@npm:^9.0.0":
  version: 9.0.2
  resolution: "jsonwebtoken@npm:9.0.2"
  dependencies:
    jws: ^3.2.2
    lodash.includes: ^4.3.0
    lodash.isboolean: ^3.0.3
    lodash.isinteger: ^4.0.4
    lodash.isnumber: ^3.0.3
    lodash.isplainobject: ^4.0.6
    lodash.isstring: ^4.0.1
    lodash.once: ^4.0.0
    ms: ^2.1.1
    semver: ^7.5.4
  checksum: fc739a6a8b33f1974f9772dca7f8493ca8df4cc31c5a09dcfdb7cff77447dcf22f4236fb2774ef3fe50df0abeb8e1c6f4c41eba82f500a804ab101e2fbc9d61a
  languageName: node
  linkType: hard

"jwa@npm:^1.4.1":
  version: 1.4.1
  resolution: "jwa@npm:1.4.1"
  dependencies:
    buffer-equal-constant-time: 1.0.1
    ecdsa-sig-formatter: 1.0.11
    safe-buffer: ^5.0.1
  checksum: ff30ea7c2dcc61f3ed2098d868bf89d43701605090c5b21b5544b512843ec6fd9e028381a4dda466cbcdb885c2d1150f7c62e7168394ee07941b4098e1035e2f
  languageName: node
  linkType: hard

"jws@npm:^3.2.2":
  version: 3.2.2
  resolution: "jws@npm:3.2.2"
  dependencies:
    jwa: ^1.4.1
    safe-buffer: ^5.0.1
  checksum: f0213fe5b79344c56cd443428d8f65c16bf842dc8cb8f5aed693e1e91d79c20741663ad6eff07a6d2c433d1831acc9814e8d7bada6a0471fbb91d09ceb2bf5c2
  languageName: node
  linkType: hard

"lodash.includes@npm:^4.3.0":
  version: 4.3.0
  resolution: "lodash.includes@npm:4.3.0"
  checksum: 71092c130515a67ab3bd928f57f6018434797c94def7f46aafa417771e455ce3a4834889f4267b17887d7f75297dfabd96231bf704fd2b8c5096dc4a913568b6
  languageName: node
  linkType: hard

"lodash.isboolean@npm:^3.0.3":
  version: 3.0.3
  resolution: "lodash.isboolean@npm:3.0.3"
  checksum: b70068b4a8b8837912b54052557b21fc4774174e3512ed3c5b94621e5aff5eb6c68089d0a386b7e801d679cd105d2e35417978a5e99071750aa2ed90bffd0250
  languageName: node
  linkType: hard

"lodash.isinteger@npm:^4.0.4":
  version: 4.0.4
  resolution: "lodash.isinteger@npm:4.0.4"
  checksum: 6034821b3fc61a2ffc34e7d5644bb50c5fd8f1c0121c554c21ac271911ee0c0502274852845005f8651d51e199ee2e0cfebfe40aaa49c7fe617f603a8a0b1691
  languageName: node
  linkType: hard

"lodash.isnumber@npm:^3.0.3":
  version: 3.0.3
  resolution: "lodash.isnumber@npm:3.0.3"
  checksum: 913784275b565346255e6ae6a6e30b760a0da70abc29f3e1f409081585875105138cda4a429ff02577e1bc0a7ae2a90e0a3079a37f3a04c3d6c5aaa532f4cab2
  languageName: node
  linkType: hard

"lodash.isplainobject@npm:^4.0.6":
  version: 4.0.6
  resolution: "lodash.isplainobject@npm:4.0.6"
  checksum: 29c6351f281e0d9a1d58f1a4c8f4400924b4c79f18dfc4613624d7d54784df07efaff97c1ff2659f3e085ecf4fff493300adc4837553104cef2634110b0d5337
  languageName: node
  linkType: hard

"lodash.isstring@npm:^4.0.1":
  version: 4.0.1
  resolution: "lodash.isstring@npm:4.0.1"
  checksum: eaac87ae9636848af08021083d796e2eea3d02e80082ab8a9955309569cb3a463ce97fd281d7dc119e402b2e7d8c54a23914b15d2fc7fff56461511dc8937ba0
  languageName: node
  linkType: hard

"lodash.once@npm:^4.0.0":
  version: 4.1.1
  resolution: "lodash.once@npm:4.1.1"
  checksum: d768fa9f9b4e1dc6453be99b753906f58990e0c45e7b2ca5a3b40a33111e5d17f6edf2f768786e2716af90a8e78f8f91431ab8435f761fef00f9b0c256f6d245
  languageName: node
  linkType: hard

"lodash@npm:^4.17.21":
  version: 4.17.21
  resolution: "lodash@npm:4.17.21"
  checksum: eb835a2e51d381e561e508ce932ea50a8e5a68f4ebdd771ea240d3048244a8d13658acbd502cd4829768c56f2e16bdd4340b9ea141297d472517b83868e677f7
  languageName: node
  linkType: hard

"ms@npm:^2.1.1":
  version: 2.1.3
  resolution: "ms@npm:2.1.3"
  checksum: aa92de608021b242401676e35cfa5aa42dd70cbdc082b916da7fb925c542173e36bce97ea3e804923fe92c0ad991434e4a38327e15a1b5b5f945d66df615ae6d
  languageName: node
  linkType: hard

"p-limit@npm:^6.1.0":
  version: 6.2.0
  resolution: "p-limit@npm:6.2.0"
  dependencies:
    yocto-queue: ^1.1.1
  checksum: ea46ba4a3013daa3335833013156bdcdd8f5c67b49ad2f33b34832b0d528f003d29b55bf5beeedc39ba9d9ada3dab7b1f4b890db3ebc8260a044a011126c6fc9
  languageName: node
  linkType: hard

"pg-format@npm:^1.0.4":
  version: 1.0.4
  resolution: "pg-format@npm:1.0.4"
  checksum: 159b43ad57d2f963f1072def86080dd2a6dd42c1a86046e388d47b491e00afe795139520eb01c8dffc43ac0243c77b3c4c5882d0ec5f488bb3281f17458b1b3d
  languageName: node
  linkType: hard

"safe-buffer@npm:^5.0.1":
  version: 5.2.1
  resolution: "safe-buffer@npm:5.2.1"
  checksum: b99c4b41fdd67a6aaf280fcd05e9ffb0813654894223afb78a31f14a19ad220bba8aba1cb14eddce1fcfb037155fe6de4e861784eb434f7d11ed58d1e70dd491
  languageName: node
  linkType: hard

"semver@npm:^7.5.4":
  version: 7.6.3
  resolution: "semver@npm:7.6.3"
  bin:
    semver: bin/semver.js
  checksum: 4110ec5d015c9438f322257b1c51fe30276e5f766a3f64c09edd1d7ea7118ecbc3f379f3b69032bacf13116dc7abc4ad8ce0d7e2bd642e26b0d271b56b61a7d8
  languageName: node
  linkType: hard

"url-join@npm:^5.0.0":
  version: 5.0.0
  resolution: "url-join@npm:5.0.0"
  checksum: 5921384a8ad4395b49ce4b50aa26efbc429cebe0bc8b3660ad693dd12fd859747b5369be0443e60e53a7850b2bc9d7d0687bcb94386662b40e743596bbf38101
  languageName: node
  linkType: hard

"url-template@npm:^3.1.1":
  version: 3.1.1
  resolution: "url-template@npm:3.1.1"
  checksum: ac09daaeaec55a6b070b838ed161d66b050a46fc12ac251cb2db1ce356e786cfb117ee4391d943aaaa757971c509a0142b3cd83dfd8cc3d7b6d90a99d001a5f9
  languageName: node
  linkType: hard

"uuid@npm:^9.0.1":
  version: 9.0.1
  resolution: "uuid@npm:9.0.1"
  bin:
    uuid: dist/bin/uuid
  checksum: 39931f6da74e307f51c0fb463dc2462807531dc80760a9bff1e35af4316131b4fc3203d16da60ae33f07fdca5b56f3f1dd662da0c99fea9aaeab2004780cc5f4
  languageName: node
  linkType: hard

"yocto-queue@npm:^1.1.1":
  version: 1.1.1
  resolution: "yocto-queue@npm:1.1.1"
  checksum: f2e05b767ed3141e6372a80af9caa4715d60969227f38b1a4370d60bffe153c9c5b33a862905609afc9b375ec57cd40999810d20e5e10229a204e8bde7ef255c
  languageName: node
  linkType: hard
