# This file is generated by running "yarn install" inside your project.
# Manual changes might be lost - proceed with caution!

__metadata:
  version: 6
  cacheKey: 8

"@backstage/plugin-catalog-backend-module-gitlab@file:./embedded/backstage-plugin-catalog-backend-module-gitlab::locator=backstage-plugin-catalog-backend-module-gitlab-dynamic%40workspace%3A.":
  version: 0.6.2+embedded
  resolution: "@backstage/plugin-catalog-backend-module-gitlab@file:./embedded/backstage-plugin-catalog-backend-module-gitlab#./embedded/backstage-plugin-catalog-backend-module-gitlab::hash=fec16b&locator=backstage-plugin-catalog-backend-module-gitlab-dynamic%40workspace%3A."
  dependencies:
    "@backstage/plugin-catalog-common": ^1.1.3
    "@backstage/plugin-catalog-node": ^1.15.1
    "@gitbeaker/rest": ^40.0.3
    lodash: ^4.17.21
    node-fetch: ^2.7.0
    uuid: ^11.0.0
  peerDependencies:
    "@backstage/backend-defaults": ^0.7.0
    "@backstage/backend-plugin-api": ^1.1.1
    "@backstage/catalog-model": ^1.7.3
    "@backstage/config": ^1.3.2
    "@backstage/integration": ^1.16.1
    "@backstage/plugin-events-node": ^0.4.7
  checksum: 36e13bfb164b63d89722e17d280fe1e49da5ec4217b2b857e1c034f085c02e9977bd1472f2e7915f4b4779ac165d2d23b384f16567b19cbdfb27698ba14b62a9
  languageName: node
  linkType: hard

"@backstage/plugin-catalog-common@file:./embedded/backstage-plugin-catalog-common::locator=backstage-plugin-catalog-backend-module-gitlab-dynamic%40workspace%3A.":
  version: 1.1.3+embedded
  resolution: "@backstage/plugin-catalog-common@file:./embedded/backstage-plugin-catalog-common#./embedded/backstage-plugin-catalog-common::hash=535b9c&locator=backstage-plugin-catalog-backend-module-gitlab-dynamic%40workspace%3A."
  peerDependencies:
    "@backstage/catalog-model": ^1.7.3
    "@backstage/plugin-permission-common": ^0.8.4
    "@backstage/plugin-search-common": ^1.2.17
  checksum: 0e963c1ae6e52a665d76d0aa66cda75e807587fb41d395c32eb37d589cdcfca30d7ab87a69894d5276c8b4679cabf0ad63c2b7d0837f31cb037b5b3df91e1ee8
  languageName: node
  linkType: hard

"@backstage/plugin-catalog-node@file:./embedded/backstage-plugin-catalog-node::locator=backstage-plugin-catalog-backend-module-gitlab-dynamic%40workspace%3A.":
  version: 1.15.1+embedded
  resolution: "@backstage/plugin-catalog-node@file:./embedded/backstage-plugin-catalog-node#./embedded/backstage-plugin-catalog-node::hash=19a365&locator=backstage-plugin-catalog-backend-module-gitlab-dynamic%40workspace%3A."
  dependencies:
    "@backstage/plugin-catalog-common": ^1.1.3
  peerDependencies:
    "@backstage/backend-plugin-api": ^1.1.1
    "@backstage/catalog-client": ^1.9.1
    "@backstage/catalog-model": ^1.7.3
    "@backstage/errors": ^1.2.7
    "@backstage/plugin-permission-common": ^0.8.4
    "@backstage/plugin-permission-node": ^0.8.7
    "@backstage/types": ^1.2.1
  checksum: 1933af00375c269443b1ec725eafd528624d6ea5b325cf9820a96da2d63d341e4f4a28c9dade4db09ac1e7d85c15ee87df66972ebffe0751dc0fb7cddbe0e509
  languageName: node
  linkType: hard

"@gitbeaker/core@npm:^40.0.3":
  version: 40.0.3
  resolution: "@gitbeaker/core@npm:40.0.3"
  dependencies:
    "@gitbeaker/requester-utils": ^40.0.3
    qs: ^6.11.2
    xcase: ^2.0.1
  checksum: 999cea3f1523eabfae473e8a21849fdd4f6b4d30f0de681e735b238713b198ff9381c35d2ba5949d27ddc7ed5a953b14fc5a6ed38a5d98b05b6a5670a0c69162
  languageName: node
  linkType: hard

"@gitbeaker/requester-utils@npm:^40.0.3":
  version: 40.0.3
  resolution: "@gitbeaker/requester-utils@npm:40.0.3"
  dependencies:
    picomatch-browser: ^2.2.6
    qs: ^6.11.2
    rate-limiter-flexible: ^4.0.0
    xcase: ^2.0.1
  checksum: 1a46dc9c730c29e2229b04ed9bbe6cd87b7e5f16c1d0a5e78106f0287ab3d981ce2b099eb41cdb0f9180bb6b11d25f5f1fa92a91b69682bcd4ac986e58b55d31
  languageName: node
  linkType: hard

"@gitbeaker/rest@npm:^40.0.3":
  version: 40.0.3
  resolution: "@gitbeaker/rest@npm:40.0.3"
  dependencies:
    "@gitbeaker/core": ^40.0.3
    "@gitbeaker/requester-utils": ^40.0.3
  checksum: 6a6427b82ee3357fbe07e1235de7a3c98d50155898180fbe4dd641c8575faa93853f1a39185e18876f84469e1a385ccd9beb26fd95b61c260b81eb0ed342355b
  languageName: node
  linkType: hard

"backstage-plugin-catalog-backend-module-gitlab-dynamic@workspace:.":
  version: 0.0.0-use.local
  resolution: "backstage-plugin-catalog-backend-module-gitlab-dynamic@workspace:."
  dependencies:
    "@backstage/plugin-catalog-backend-module-gitlab": 0.6.2
  peerDependencies:
    "@backstage/backend-defaults": ^0.7.0
    "@backstage/backend-plugin-api": ^1.1.1
    "@backstage/catalog-client": ^1.9.1
    "@backstage/catalog-model": ^1.7.3
    "@backstage/config": ^1.3.2
    "@backstage/errors": ^1.2.7
    "@backstage/integration": ^1.16.1
    "@backstage/plugin-events-node": ^0.4.7
    "@backstage/plugin-permission-common": ^0.8.4
    "@backstage/plugin-permission-node": ^0.8.7
    "@backstage/plugin-search-common": ^1.2.17
    "@backstage/types": ^1.2.1
  languageName: unknown
  linkType: soft

"call-bind-apply-helpers@npm:^1.0.1":
  version: 1.0.1
  resolution: "call-bind-apply-helpers@npm:1.0.1"
  dependencies:
    es-errors: ^1.3.0
    function-bind: ^1.1.2
  checksum: 3c55343261bb387c58a4762d15ad9d42053659a62681ec5eb50690c6b52a4a666302a01d557133ce6533e8bd04530ee3b209f23dd06c9577a1925556f8fcccdf
  languageName: node
  linkType: hard

"call-bound@npm:^1.0.2":
  version: 1.0.3
  resolution: "call-bound@npm:1.0.3"
  dependencies:
    call-bind-apply-helpers: ^1.0.1
    get-intrinsic: ^1.2.6
  checksum: a93bbe0f2d0a2d6c144a4349ccd0593d5d0d5d9309b69101710644af8964286420062f2cc3114dca120b9bc8cc07507952d4b1b3ea7672e0d7f6f1675efedb32
  languageName: node
  linkType: hard

"dunder-proto@npm:^1.0.1":
  version: 1.0.1
  resolution: "dunder-proto@npm:1.0.1"
  dependencies:
    call-bind-apply-helpers: ^1.0.1
    es-errors: ^1.3.0
    gopd: ^1.2.0
  checksum: 149207e36f07bd4941921b0ca929e3a28f1da7bd6b6ff8ff7f4e2f2e460675af4576eeba359c635723dc189b64cdd4787e0255897d5b135ccc5d15cb8685fc90
  languageName: node
  linkType: hard

"es-define-property@npm:^1.0.1":
  version: 1.0.1
  resolution: "es-define-property@npm:1.0.1"
  checksum: 0512f4e5d564021c9e3a644437b0155af2679d10d80f21adaf868e64d30efdfbd321631956f20f42d655fedb2e3a027da479fad3fa6048f768eb453a80a5f80a
  languageName: node
  linkType: hard

"es-errors@npm:^1.3.0":
  version: 1.3.0
  resolution: "es-errors@npm:1.3.0"
  checksum: ec1414527a0ccacd7f15f4a3bc66e215f04f595ba23ca75cdae0927af099b5ec865f9f4d33e9d7e86f512f252876ac77d4281a7871531a50678132429b1271b5
  languageName: node
  linkType: hard

"es-object-atoms@npm:^1.0.0":
  version: 1.1.1
  resolution: "es-object-atoms@npm:1.1.1"
  dependencies:
    es-errors: ^1.3.0
  checksum: 214d3767287b12f36d3d7267ef342bbbe1e89f899cfd67040309fc65032372a8e60201410a99a1645f2f90c1912c8c49c8668066f6bdd954bcd614dda2e3da97
  languageName: node
  linkType: hard

"function-bind@npm:^1.1.2":
  version: 1.1.2
  resolution: "function-bind@npm:1.1.2"
  checksum: 2b0ff4ce708d99715ad14a6d1f894e2a83242e4a52ccfcefaee5e40050562e5f6dafc1adbb4ce2d4ab47279a45dc736ab91ea5042d843c3c092820dfe032efb1
  languageName: node
  linkType: hard

"get-intrinsic@npm:^1.2.5, get-intrinsic@npm:^1.2.6":
  version: 1.2.7
  resolution: "get-intrinsic@npm:1.2.7"
  dependencies:
    call-bind-apply-helpers: ^1.0.1
    es-define-property: ^1.0.1
    es-errors: ^1.3.0
    es-object-atoms: ^1.0.0
    function-bind: ^1.1.2
    get-proto: ^1.0.0
    gopd: ^1.2.0
    has-symbols: ^1.1.0
    hasown: ^2.0.2
    math-intrinsics: ^1.1.0
  checksum: a1597b3b432074f805b6a0ba1182130dd6517c0ea0c4eecc4b8834c803913e1ea62dfc412865be795b3dacb1555a21775b70cf9af7a18b1454ff3414e5442d4a
  languageName: node
  linkType: hard

"get-proto@npm:^1.0.0":
  version: 1.0.1
  resolution: "get-proto@npm:1.0.1"
  dependencies:
    dunder-proto: ^1.0.1
    es-object-atoms: ^1.0.0
  checksum: 4fc96afdb58ced9a67558698b91433e6b037aaa6f1493af77498d7c85b141382cf223c0e5946f334fb328ee85dfe6edd06d218eaf09556f4bc4ec6005d7f5f7b
  languageName: node
  linkType: hard

"gopd@npm:^1.2.0":
  version: 1.2.0
  resolution: "gopd@npm:1.2.0"
  checksum: cc6d8e655e360955bdccaca51a12a474268f95bb793fc3e1f2bdadb075f28bfd1fd988dab872daf77a61d78cbaf13744bc8727a17cfb1d150d76047d805375f3
  languageName: node
  linkType: hard

"has-symbols@npm:^1.1.0":
  version: 1.1.0
  resolution: "has-symbols@npm:1.1.0"
  checksum: b2316c7302a0e8ba3aaba215f834e96c22c86f192e7310bdf689dd0e6999510c89b00fbc5742571507cebf25764d68c988b3a0da217369a73596191ac0ce694b
  languageName: node
  linkType: hard

"hasown@npm:^2.0.2":
  version: 2.0.2
  resolution: "hasown@npm:2.0.2"
  dependencies:
    function-bind: ^1.1.2
  checksum: e8516f776a15149ca6c6ed2ae3110c417a00b62260e222590e54aa367cbcd6ed99122020b37b7fbdf05748df57b265e70095d7bf35a47660587619b15ffb93db
  languageName: node
  linkType: hard

"lodash@npm:^4.17.21":
  version: 4.17.21
  resolution: "lodash@npm:4.17.21"
  checksum: eb835a2e51d381e561e508ce932ea50a8e5a68f4ebdd771ea240d3048244a8d13658acbd502cd4829768c56f2e16bdd4340b9ea141297d472517b83868e677f7
  languageName: node
  linkType: hard

"math-intrinsics@npm:^1.1.0":
  version: 1.1.0
  resolution: "math-intrinsics@npm:1.1.0"
  checksum: 0e513b29d120f478c85a70f49da0b8b19bc638975eca466f2eeae0071f3ad00454c621bf66e16dd435896c208e719fc91ad79bbfba4e400fe0b372e7c1c9c9a2
  languageName: node
  linkType: hard

"node-fetch@npm:^2.7.0":
  version: 2.7.0
  resolution: "node-fetch@npm:2.7.0"
  dependencies:
    whatwg-url: ^5.0.0
  peerDependencies:
    encoding: ^0.1.0
  peerDependenciesMeta:
    encoding:
      optional: true
  checksum: d76d2f5edb451a3f05b15115ec89fc6be39de37c6089f1b6368df03b91e1633fd379a7e01b7ab05089a25034b2023d959b47e59759cb38d88341b2459e89d6e5
  languageName: node
  linkType: hard

"object-inspect@npm:^1.13.3":
  version: 1.13.3
  resolution: "object-inspect@npm:1.13.3"
  checksum: 8c962102117241e18ea403b84d2521f78291b774b03a29ee80a9863621d88265ffd11d0d7e435c4c2cea0dc2a2fbf8bbc92255737a05536590f2df2e8756f297
  languageName: node
  linkType: hard

"picomatch-browser@npm:^2.2.6":
  version: 2.2.6
  resolution: "picomatch-browser@npm:2.2.6"
  checksum: 946c50a8654da43167a0f9a90dd0b50f3d4e830ee71c0926ee9052d7e6f40d8907deaafba19cea71b97207b4aaa52c245335e4cd5bbaf78fe2ba567cd0c341fa
  languageName: node
  linkType: hard

"qs@npm:^6.11.2":
  version: 6.14.0
  resolution: "qs@npm:6.14.0"
  dependencies:
    side-channel: ^1.1.0
  checksum: 189b52ad4e9a0da1a16aff4c58b2a554a8dad9bd7e287c7da7446059b49ca2e33a49e570480e8be406b87fccebf134f51c373cbce36c8c83859efa0c9b71d635
  languageName: node
  linkType: hard

"rate-limiter-flexible@npm:^4.0.0":
  version: 4.0.1
  resolution: "rate-limiter-flexible@npm:4.0.1"
  checksum: 88cb4ae4c6a94646eb4987f08ae203896fc340d84038e145958607ab711d9c703e47e55f177a4bf9bab4c637c73ee2254fffe2ec4e289d41389c8502194ca868
  languageName: node
  linkType: hard

"side-channel-list@npm:^1.0.0":
  version: 1.0.0
  resolution: "side-channel-list@npm:1.0.0"
  dependencies:
    es-errors: ^1.3.0
    object-inspect: ^1.13.3
  checksum: 603b928997abd21c5a5f02ae6b9cc36b72e3176ad6827fab0417ead74580cc4fb4d5c7d0a8a2ff4ead34d0f9e35701ed7a41853dac8a6d1a664fcce1a044f86f
  languageName: node
  linkType: hard

"side-channel-map@npm:^1.0.1":
  version: 1.0.1
  resolution: "side-channel-map@npm:1.0.1"
  dependencies:
    call-bound: ^1.0.2
    es-errors: ^1.3.0
    get-intrinsic: ^1.2.5
    object-inspect: ^1.13.3
  checksum: 42501371cdf71f4ccbbc9c9e2eb00aaaab80a4c1c429d5e8da713fd4d39ef3b8d4a4b37ed4f275798a65260a551a7131fd87fe67e922dba4ac18586d6aab8b06
  languageName: node
  linkType: hard

"side-channel-weakmap@npm:^1.0.2":
  version: 1.0.2
  resolution: "side-channel-weakmap@npm:1.0.2"
  dependencies:
    call-bound: ^1.0.2
    es-errors: ^1.3.0
    get-intrinsic: ^1.2.5
    object-inspect: ^1.13.3
    side-channel-map: ^1.0.1
  checksum: a815c89bc78c5723c714ea1a77c938377ea710af20d4fb886d362b0d1f8ac73a17816a5f6640f354017d7e292a43da9c5e876c22145bac00b76cfb3468001736
  languageName: node
  linkType: hard

"side-channel@npm:^1.1.0":
  version: 1.1.0
  resolution: "side-channel@npm:1.1.0"
  dependencies:
    es-errors: ^1.3.0
    object-inspect: ^1.13.3
    side-channel-list: ^1.0.0
    side-channel-map: ^1.0.1
    side-channel-weakmap: ^1.0.2
  checksum: bf73d6d6682034603eb8e99c63b50155017ed78a522d27c2acec0388a792c3ede3238b878b953a08157093b85d05797217d270b7666ba1f111345fbe933380ff
  languageName: node
  linkType: hard

"tr46@npm:~0.0.3":
  version: 0.0.3
  resolution: "tr46@npm:0.0.3"
  checksum: 726321c5eaf41b5002e17ffbd1fb7245999a073e8979085dacd47c4b4e8068ff5777142fc6726d6ca1fd2ff16921b48788b87225cbc57c72636f6efa8efbffe3
  languageName: node
  linkType: hard

"uuid@npm:^11.0.0":
  version: 11.0.5
  resolution: "uuid@npm:11.0.5"
  bin:
    uuid: dist/esm/bin/uuid
  checksum: 8a8ed824c77ccc9387eed3049e75268a862379f0d41222716020743c438f31e9acfbe6495bd4cb1a7727c91fcf5ae20be40b306826a62c96f9ff42db48e8ed93
  languageName: node
  linkType: hard

"webidl-conversions@npm:^3.0.0":
  version: 3.0.1
  resolution: "webidl-conversions@npm:3.0.1"
  checksum: c92a0a6ab95314bde9c32e1d0a6dfac83b578f8fa5f21e675bc2706ed6981bc26b7eb7e6a1fab158e5ce4adf9caa4a0aee49a52505d4d13c7be545f15021b17c
  languageName: node
  linkType: hard

"whatwg-url@npm:^5.0.0":
  version: 5.0.0
  resolution: "whatwg-url@npm:5.0.0"
  dependencies:
    tr46: ~0.0.3
    webidl-conversions: ^3.0.0
  checksum: b8daed4ad3356cc4899048a15b2c143a9aed0dfae1f611ebd55073310c7b910f522ad75d727346ad64203d7e6c79ef25eafd465f4d12775ca44b90fa82ed9e2c
  languageName: node
  linkType: hard

"xcase@npm:^2.0.1":
  version: 2.0.1
  resolution: "xcase@npm:2.0.1"
  checksum: 1d407306593f1049ebb5d3b7b86b0d40b4b108be428cf4d17c57454ef5444c962555c387384c121d83a6bcf7a9b6b04a51cc4b76786bfb0fac8d0a108b5b7ef8
  languageName: node
  linkType: hard
